{
    "_meta": {
        "hash": {
            "sha256": "7c46510ad8a1d0f75cd8fb8c5d3a154836ddeb013c7d2830ebe9832a4106ac56"
        },
        "pipfile-spec": 6,
        "requires": {
            "python_version": "3.8"
        },
        "sources": [
            {
                "name": "pypi",
                "url": "https://pypi.org/simple",
                "verify_ssl": true
            }
        ]
    },
    "default": {
        "asgiref": {
            "hashes": [
                "sha256:71e68008da809b957b7ee4b43dbccff33d1b23519fb8344e33f049897077afac",
                "sha256:9567dfe7bd8d3c8c892227827c41cce860b368104c3431da67a0c5a65a949506"
            ],
            "markers": "python_version >= '3.7'",
            "version": "==3.6.0"
        },
        "backports.zoneinfo": {
            "hashes": [
                "sha256:17746bd546106fa389c51dbea67c8b7c8f0d14b5526a579ca6ccf5ed72c526cf",
                "sha256:1b13e654a55cd45672cb54ed12148cd33628f672548f373963b0bff67b217328",
                "sha256:1c5742112073a563c81f786e77514969acb58649bcdf6cdf0b4ed31a348d4546",
                "sha256:4a0f800587060bf8880f954dbef70de6c11bbe59c673c3d818921f042f9954a6",
                "sha256:5c144945a7752ca544b4b78c8c41544cdfaf9786f25fe5ffb10e838e19a27570",
                "sha256:7b0a64cda4145548fed9efc10322770f929b944ce5cee6c0dfe0c87bf4c0c8c9",
                "sha256:8439c030a11780786a2002261569bdf362264f605dfa4d65090b64b05c9f79a7",
                "sha256:8961c0f32cd0336fb8e8ead11a1f8cd99ec07145ec2931122faaac1c8f7fd987",
                "sha256:89a48c0d158a3cc3f654da4c2de1ceba85263fafb861b98b59040a5086259722",
                "sha256:a76b38c52400b762e48131494ba26be363491ac4f9a04c1b7e92483d169f6582",
                "sha256:da6013fd84a690242c310d77ddb8441a559e9cb3d3d59ebac9aca1a57b2e18bc",
                "sha256:e55b384612d93be96506932a786bbcde5a2db7a9e6a4bb4bffe8b733f5b9036b",
                "sha256:e81b76cace8eda1fca50e345242ba977f9be6ae3945af8d46326d776b4cf78d1",
                "sha256:e8236383a20872c0cdf5a62b554b27538db7fa1bbec52429d8d106effbaeca08",
                "sha256:f04e857b59d9d1ccc39ce2da1021d196e47234873820cbeaad210724b1ee28ac",
                "sha256:fadbfe37f74051d024037f223b8e001611eac868b5c5b06144ef4d8b799862f2"
            ],
            "markers": "python_version < '3.9'",
            "version": "==0.2.1"
        },
        "beautifulsoup4": {
            "hashes": [
                "sha256:58d5c3d29f5a36ffeb94f02f0d786cd53014cf9b3b3951d42e0080d8a9498d30",
                "sha256:ad9aa55b65ef2808eb405f46cf74df7fcb7044d5cbc26487f96eb2ef2e436693"
            ],
            "markers": "python_version >= '3.6'",
            "version": "==4.11.1"
        },
        "bootstrap4": {
            "hashes": [
                "sha256:f768f9a2760c4765682a7cd26f2d1662e8f82d5e773e325c386709abeb2dd3ae"
            ],
            "index": "pypi",
            "version": "==0.1.0"
        },
        "certifi": {
            "hashes": [
                "sha256:35824b4c3a97115964b408844d64aa14db1cc518f6562e8d7261699d1350a9e3",
                "sha256:4ad3232f5e926d6718ec31cfc1fcadfde020920e278684144551c91769c7bc18"
            ],
            "markers": "python_version >= '3.6'",
            "version": "==2022.12.7"
        },
        "cloudinary": {
            "hashes": [
                "sha256:afda8b4dcd93f500682e8f2bccda4b1a92d05b0094d5bc7ef6f6425eed13e81e"
            ],
            "index": "pypi",
            "version": "==1.30.0"
        },
        "crispy-tailwind": {
            "hashes": [
                "sha256:0041c85b73b0a197e312ab969bd505aa1f96752a6a50324377287c2b6be3c0cb",
                "sha256:65cfcdf8dce96be37c99578e2688ed2d0067e6ff633baaf657358b3b3be052c7"
            ],
            "index": "pypi",
            "version": "==0.5.0"
        },
        "dj-database-url": {
            "hashes": [
                "sha256:5c2993b91801c0f78a8b19e642b497b90831124cbade0c265900d4c1037b4730",
                "sha256:b23b15046cb38180e0c95207bcc90fe5e9dbde8eef16065907dd85cf4ca7036c"
            ],
            "index": "pypi",
            "version": "==1.2.0"
        },
        "django": {
            "hashes": [
                "sha256:4b214a05fe4c99476e99e2445c8b978c8369c18d4dea8e22ec412862715ad763",
                "sha256:ff56ebd7ead0fd5dbe06fe157b0024a7aaea2e0593bb3785fb594cf94dad58ef"
            ],
            "markers": "python_version >= '3.8'",
            "version": "==4.1.5"
        },
        "django-bootstrap4": {
            "hashes": [
                "sha256:751a7b4196e778286cc5eaa946d1e04741ea10d0b62d2762500f941ef9075dbf",
                "sha256:c2c09d0ad93c96e85e15e5541089aa567fd51257cf80f142ea5b84bbd34dc18e"
            ],
            "index": "pypi",
            "version": "==22.3"
        },
        "django-browser-reload": {
            "hashes": [
                "sha256:31b8b2d51e8faa5878f21e6b60b8f43e1123907c6e082e9e967962ba63958829",
                "sha256:9ca69c71796f53868bdc7421f120d147f7a64faa0d5d8c06970ba3f8061af63c"
            ],
            "markers": "python_version >= '3.7'",
            "version": "==1.6.0"
        },
        "django-crispy-forms": {
            "hashes": [
                "sha256:35887b8851a931374dd697207a8f56c57a9c5cb9dbf0b9fa54314da5666cea5b",
                "sha256:bc4d2037f6de602d39c0bc452ac3029d1f5d65e88458872cc4dbc01c3a400604"
            ],
            "index": "pypi",
            "version": "==1.14.0"
        },
        "django-forms-bootstrap": {
            "hashes": [
                "sha256:50d69baf6c6f262f6ae3651096b52c31552cb75d37493f0c917ce2c16d13f0d9",
                "sha256:ffc6d2b9fba03e2366884e82f613daf1284702e9346746e0e9de299db8138d6f"
            ],
            "index": "pypi",
            "version": "==3.1.0"
        },
        "django-phonenumber-field": {
            "hashes": [
                "sha256:9edad2b2602af25f2aefc73c4cf53eaf7abf9e17d73c1c4372bd3052bebb26f9",
                "sha256:de3e47b986b4959949762c16fd8fe26b3e462ef3e5531ed00950bd20c698576a"
            ],
            "index": "pypi",
            "version": "==7.0.2"
        },
        "django-tailwind": {
            "hashes": [
                "sha256:b0ea5f2e2e45b86f7165673291323e46200a91cfed99b80278272a49f034c7a4",
                "sha256:ce47a28b466e2e427534ee5a8c6f2ee7f7ffb6bce83b55b7ec22be994b293b65"
            ],
            "index": "pypi",
            "version": "==3.4.0"
        },
        "npm": {
            "hashes": [
                "sha256:84aefc83a3486d034c4c14f8bcd4b746b95b529289b0d042c268f6201c3034e9"
            ],
            "index": "pypi",
            "version": "==0.1.1"
        },
        "numpy": {
            "hashes": [
                "sha256:0044f7d944ee882400890f9ae955220d29b33d809a038923d88e4e01d652acd9",
                "sha256:0e3463e6ac25313462e04aea3fb8a0a30fb906d5d300f58b3bc2c23da6a15398",
                "sha256:179a7ef0889ab769cc03573b6217f54c8bd8e16cef80aad369e1e8185f994cd7",
                "sha256:2386da9a471cc00a1f47845e27d916d5ec5346ae9696e01a8a34760858fe9dd2",
                "sha256:26089487086f2648944f17adaa1a97ca6aee57f513ba5f1c0b7ebdabbe2b9954",
                "sha256:28bc9750ae1f75264ee0f10561709b1462d450a4808cd97c013046073ae64ab6",
                "sha256:28e418681372520c992805bb723e29d69d6b7aa411065f48216d8329d02ba032",
                "sha256:442feb5e5bada8408e8fcd43f3360b78683ff12a4444670a7d9e9824c1817d36",
                "sha256:6ec0c021cd9fe732e5bab6401adea5a409214ca5592cd92a114f7067febcba0c",
                "sha256:7094891dcf79ccc6bc2a1f30428fa5edb1e6fb955411ffff3401fb4ea93780a8",
                "sha256:84e789a085aabef2f36c0515f45e459f02f570c4b4c4c108ac1179c34d475ed7",
                "sha256:87a118968fba001b248aac90e502c0b13606721b1343cdaddbc6e552e8dfb56f",
                "sha256:8e669fbdcdd1e945691079c2cae335f3e3a56554e06bbd45d7609a6cf568c700",
                "sha256:ad2925567f43643f51255220424c23d204024ed428afc5aad0f86f3ffc080086",
                "sha256:b0677a52f5d896e84414761531947c7a330d1adc07c3a4372262f25d84af7bf7",
                "sha256:b07b40f5fb4fa034120a5796288f24c1fe0e0580bbfff99897ba6267af42def2",
                "sha256:b09804ff570b907da323b3d762e74432fb07955701b17b08ff1b5ebaa8cfe6a9",
                "sha256:b162ac10ca38850510caf8ea33f89edcb7b0bb0dfa5592d59909419986b72407",
                "sha256:b31da69ed0c18be8b77bfce48d234e55d040793cebb25398e2a7d84199fbc7e2",
                "sha256:caf65a396c0d1f9809596be2e444e3bd4190d86d5c1ce21f5fc4be60a3bc5b36",
                "sha256:cfa1161c6ac8f92dea03d625c2d0c05e084668f4a06568b77a25a89111621566",
                "sha256:dae46bed2cb79a58d6496ff6d8da1e3b95ba09afeca2e277628171ca99b99db1",
                "sha256:ddc7ab52b322eb1e40521eb422c4e0a20716c271a306860979d450decbb51b8e",
                "sha256:de92efa737875329b052982e37bd4371d52cabf469f83e7b8be9bb7752d67e51",
                "sha256:e274f0f6c7efd0d577744f52032fdd24344f11c5ae668fe8d01aac0422611df1",
                "sha256:ed5fb71d79e771ec930566fae9c02626b939e37271ec285e9efaf1b5d4370e7d",
                "sha256:ef85cf1f693c88c1fd229ccd1055570cb41cdf4875873b7728b6301f12cd05bf",
                "sha256:f1b739841821968798947d3afcefd386fa56da0caf97722a5de53e07c4ccedc7"
            ],
            "index": "pypi",
            "version": "==1.24.1"
        },
        "numpy-financial": {
            "hashes": [
                "sha256:bae534b357516f12258862d1f0181d911032d0467f215bfcd1c264b4da579047",
                "sha256:f84341bc62b2485d5604a73d5fac7e91975b4b9cd5f4a5a9cf608902ea00cb40"
            ],
            "index": "pypi",
            "version": "==1.0.0"
        },
        "optional-django": {
            "hashes": [
                "sha256:77d6b9fb74bda30583e1af4683a39e0af725cea6003252bba75838f4939326c5"
            ],
            "version": "==0.1.0"
        },
        "phonenumbers": {
            "hashes": [
                "sha256:6d63455012fc9431105ffc7739befca61c3efc551b287dca58d2be2e745475a9",
                "sha256:a577a46c069ad889c7b7cf4dd978751d059edeab28b97acead4775d2ea1fc70a"
            ],
            "index": "pypi",
            "version": "==8.13.4"
        },
        "psycopg2": {
            "hashes": [
                "sha256:093e3894d2d3c592ab0945d9eba9d139c139664dcf83a1c440b8a7aa9bb21955",
                "sha256:190d51e8c1b25a47484e52a79638a8182451d6f6dff99f26ad9bd81e5359a0fa",
                "sha256:1a5c7d7d577e0eabfcf15eb87d1e19314c8c4f0e722a301f98e0e3a65e238b4e",
                "sha256:1e5a38aa85bd660c53947bd28aeaafb6a97d70423606f1ccb044a03a1203fe4a",
                "sha256:322fd5fca0b1113677089d4ebd5222c964b1760e361f151cbb2706c4912112c5",
                "sha256:4cb9936316d88bfab614666eb9e32995e794ed0f8f6b3b718666c22819c1d7ee",
                "sha256:920bf418000dd17669d2904472efeab2b20546efd0548139618f8fa305d1d7ad",
                "sha256:922cc5f0b98a5f2b1ff481f5551b95cd04580fd6f0c72d9b22e6c0145a4840e0",
                "sha256:a5246d2e683a972e2187a8714b5c2cf8156c064629f9a9b1a873c1730d9e245a",
                "sha256:b9ac1b0d8ecc49e05e4e182694f418d27f3aedcfca854ebd6c05bb1cffa10d6d",
                "sha256:d3ef67e630b0de0779c42912fe2cbae3805ebaba30cda27fea2a3de650a9414f",
                "sha256:f5b6320dbc3cf6cfb9f25308286f9f7ab464e65cfb105b64cc9c52831748ced2",
                "sha256:fc04dd5189b90d825509caa510f20d1d504761e78b8dfb95a0ede180f71d50e5"
            ],
            "index": "pypi",
            "version": "==2.9.5"
        },
        "six": {
            "hashes": [
                "sha256:1e61c37477a1626458e36f7b1d82aa5c9b094fa4802892072e49de9c60c4c926",
                "sha256:8abb2f1d86890a2dfb989f9a77cfcfd3e47c2a354b01111771326f8aa26e0254"
            ],
            "markers": "python_version >= '2.7' and python_version not in '3.0, 3.1, 3.2, 3.3'",
            "version": "==1.16.0"
        },
        "soupsieve": {
            "hashes": [
                "sha256:3b2503d3c7084a42b1ebd08116e5f81aadfaea95863628c80a3b774a11b7c759",
                "sha256:fc53893b3da2c33de295667a0e19f078c14bf86544af307354de5fcf12a3f30d"
            ],
            "markers": "python_version >= '3.6'",
            "version": "==2.3.2.post1"
        },
        "sqlparse": {
            "hashes": [
                "sha256:0323c0ec29cd52bceabc1b4d9d579e311f3e4961b98d174201d5622a23b85e34",
                "sha256:69ca804846bb114d2ec380e4360a8a340db83f0ccf3afceeb1404df028f57268"
            ],
            "markers": "python_version >= '3.5'",
            "version": "==0.4.3"
        },
        "tzdata": {
            "hashes": [
                "sha256:2b88858b0e3120792a3c0635c23daf36a7d7eeeca657c323da299d2094402a0d",
                "sha256:fe5f866eddd8b96e9fcba978f8e503c909b19ea7efda11e52e39494bad3a7bfa"
            ],
            "markers": "sys_platform == 'win32'",
            "version": "==2022.7"
        },
        "urllib3": {
            "hashes": [
                "sha256:47cc05d99aaa09c9e72ed5809b60e7ba354e64b59c9c173ac3018642d8bb41fc",
                "sha256:c083dd0dce68dbfbe1129d5271cb90f9447dea7d52097c6e0126120c521ddea8"
            ],
            "markers": "python_version >= '2.7' and python_version not in '3.0, 3.1, 3.2, 3.3, 3.4, 3.5'",
            "version": "==1.26.13"
        }
    },
    "develop": {}
}
